
Microsoft Visual Studio Solution File, Format Version 10.00
# Visual Studio 2008
Project("{F184B08F-C81C-45F6-A57F-5ABD9991F28F}") = "RestrictedUI", "RestrictedUI\RestrictedUI.vbproj", "{24B7EC53-3B65-4228-9AB1-2498CB7AC426}"
EndProject
Project("{F184B08F-C81C-45F6-A57F-5ABD9991F28F}") = "RestrictedWinFormsUI_Infragistics", "RestrictedWinFormsUI_Infragistics\RestrictedWinFormsUI_Infragistics.vbproj", "{F84557E8-ECA6-4630-80BA-73D5E5C7EC80}"
EndProject
Project("{F184B08F-C81C-45F6-A57F-5ABD9991F28F}") = "RestrictedWinFormsUI", "RestrictedWinFormsUI\RestrictedWinFormsUI.vbproj", "{38FF6A4F-5EC9-415C-9616-4E3DC5F35ECA}"
EndProject
Project("{F184B08F-C81C-45F6-A57F-5ABD9991F28F}") = "RestrictedWebUI", "RestrictedWebUI\RestrictedWebUI.vbproj", "{3CE88EA0-D110-49E6-A225-BF04B9560CF3}"
EndProject
Project("{F184B08F-C81C-45F6-A57F-5ABD9991F28F}") = "DocProject", "DocProject\DocProject.vbproj", "{BB91607C-6C44-4BB5-BFCE-FC3410782DF4}"
EndProject
Global
	GlobalSection(SolutionConfigurationPlatforms) = preSolution
		Debug|Any CPU = Debug|Any CPU
		Release|Any CPU = Release|Any CPU
	EndGlobalSection
	GlobalSection(ProjectConfigurationPlatforms) = postSolution
		{24B7EC53-3B65-4228-9AB1-2498CB7AC426}.Debug|Any CPU.ActiveCfg = Debug|Any CPU
		{24B7EC53-3B65-4228-9AB1-2498CB7AC426}.Debug|Any CPU.Build.0 = Debug|Any CPU
		{24B7EC53-3B65-4228-9AB1-2498CB7AC426}.Release|Any CPU.ActiveCfg = Release|Any CPU
		{24B7EC53-3B65-4228-9AB1-2498CB7AC426}.Release|Any CPU.Build.0 = Release|Any CPU
		{F84557E8-ECA6-4630-80BA-73D5E5C7EC80}.Debug|Any CPU.ActiveCfg = Debug|Any CPU
		{F84557E8-ECA6-4630-80BA-73D5E5C7EC80}.Debug|Any CPU.Build.0 = Debug|Any CPU
		{F84557E8-ECA6-4630-80BA-73D5E5C7EC80}.Release|Any CPU.ActiveCfg = Release|Any CPU
		{F84557E8-ECA6-4630-80BA-73D5E5C7EC80}.Release|Any CPU.Build.0 = Release|Any CPU
		{38FF6A4F-5EC9-415C-9616-4E3DC5F35ECA}.Debug|Any CPU.ActiveCfg = Debug|Any CPU
		{38FF6A4F-5EC9-415C-9616-4E3DC5F35ECA}.Debug|Any CPU.Build.0 = Debug|Any CPU
		{38FF6A4F-5EC9-415C-9616-4E3DC5F35ECA}.Release|Any CPU.ActiveCfg = Release|Any CPU
		{38FF6A4F-5EC9-415C-9616-4E3DC5F35ECA}.Release|Any CPU.Build.0 = Release|Any CPU
		{3CE88EA0-D110-49E6-A225-BF04B9560CF3}.Debug|Any CPU.ActiveCfg = Debug|Any CPU
		{3CE88EA0-D110-49E6-A225-BF04B9560CF3}.Debug|Any CPU.Build.0 = Debug|Any CPU
		{3CE88EA0-D110-49E6-A225-BF04B9560CF3}.Release|Any CPU.ActiveCfg = Release|Any CPU
		{3CE88EA0-D110-49E6-A225-BF04B9560CF3}.Release|Any CPU.Build.0 = Release|Any CPU
		{BB91607C-6C44-4BB5-BFCE-FC3410782DF4}.Debug|Any CPU.ActiveCfg = Debug|Any CPU
		{BB91607C-6C44-4BB5-BFCE-FC3410782DF4}.Debug|Any CPU.Build.0 = Debug|Any CPU
		{BB91607C-6C44-4BB5-BFCE-FC3410782DF4}.Release|Any CPU.ActiveCfg = Release|Any CPU
		{BB91607C-6C44-4BB5-BFCE-FC3410782DF4}.Release|Any CPU.Build.0 = Release|Any CPU
	EndGlobalSection
	GlobalSection(SolutionProperties) = preSolution
		HideSolutionNode = FALSE
	EndGlobalSection
EndGlobal
